
Microsoft Visual Studio Solution File, Format Version 12.00
# Visual Studio Version 17
VisualStudioVersion = 17.5.002.0
MinimumVisualStudioVersion = 10.0.40219.1
Project("{2150E333-8FDC-42A3-9474-1A3956D46DE8}") = "template", "template", "{2AAC4D04-3E78-4AE5-A487-CF36A1FF02FA}"
EndProject
Project("{9A19103F-16F7-4668-BE54-9A1E7A4F7556}") = "x", "template\cs\x.csproj", "{CE3BDF25-A113-4030-8321-AD3CE7A8EB18}"
EndProject
Project("{2150E333-8FDC-42A3-9474-1A3956D46DE8}") = "src", "src", "{B5F48E3D-D06D-417E-9262-9DC9B4C970A7}"
EndProject
Project("{2150E333-8FDC-42A3-9474-1A3956D46DE8}") = "adt_easy_20231017_1", "adt_easy_20231017_1", "{834805DC-6A56-4089-A943-BB11911B7F32}"
EndProject
Project("{9A19103F-16F7-4668-BE54-9A1E7A4F7556}") = "x", "src\adt_easy_20231017_1\a\x.csproj", "{56902C89-3BD6-4E48-BDEA-FC352336C332}"
EndProject
Project("{9A19103F-16F7-4668-BE54-9A1E7A4F7556}") = "x (1)", "src\adt_easy_20231017_1\e\x.csproj", "{D523EBDF-3378-4B67-A22C-1D347BCA5D29}"
EndProject
Project("{9A19103F-16F7-4668-BE54-9A1E7A4F7556}") = "x (2)", "src\adt_easy_20231017_1\b\x.csproj", "{F9076E61-E98F-4004-9246-5692B9DF283E}"
EndProject
Project("{9A19103F-16F7-4668-BE54-9A1E7A4F7556}") = "x (3)", "src\adt_easy_20231017_1\d\x.csproj", "{7B478946-D0BA-4DC7-AD38-CF9A558D7AD3}"
EndProject
Project("{9A19103F-16F7-4668-BE54-9A1E7A4F7556}") = "x (4)", "src\adt_easy_20231017_1\c\x.csproj", "{E65928CE-F5E2-4E71-B06E-3D18A6EDF830}"
EndProject
Project("{2150E333-8FDC-42A3-9474-1A3956D46DE8}") = "abc330", "abc330", "{DAE13BAD-3541-4AE6-A477-5893DF812867}"
EndProject
Project("{9A19103F-16F7-4668-BE54-9A1E7A4F7556}") = "x", "src\abc330\a\x.csproj", "{C7FBE798-A8DC-450F-8F04-01A5822E41D8}"
EndProject
Project("{9A19103F-16F7-4668-BE54-9A1E7A4F7556}") = "x (1)", "src\abc330\g\x.csproj", "{8795622F-1B0D-4D2F-863C-56C97A71A228}"
EndProject
Project("{9A19103F-16F7-4668-BE54-9A1E7A4F7556}") = "x (2)", "src\abc330\f\x.csproj", "{9AB4F9CD-D652-4E5A-8278-AFDD40A92A4C}"
EndProject
Project("{9A19103F-16F7-4668-BE54-9A1E7A4F7556}") = "x (3)", "src\abc330\e\x.csproj", "{C3BE27FE-3C4E-43E9-983F-DC9613158A4B}"
EndProject
Project("{9A19103F-16F7-4668-BE54-9A1E7A4F7556}") = "x (4)", "src\abc330\b\x.csproj", "{B0A595B9-1B0C-4011-9D73-47E8B7360794}"
EndProject
Project("{9A19103F-16F7-4668-BE54-9A1E7A4F7556}") = "x (5)", "src\abc330\d\x.csproj", "{87F13BF7-3666-49C0-AF31-A78D5AE0BA51}"
EndProject
Project("{9A19103F-16F7-4668-BE54-9A1E7A4F7556}") = "x (6)", "src\abc330\c\x.csproj", "{61821F56-F694-4FC8-8ED8-E0FDE2D3778B}"
EndProject
Project("{2150E333-8FDC-42A3-9474-1A3956D46DE8}") = "adt_easy_20240313_3", "adt_easy_20240313_3", "{02BFE20D-C795-498D-8C1C-1BB300F460A7}"
EndProject
Project("{9A19103F-16F7-4668-BE54-9A1E7A4F7556}") = "x", "src\adt_easy_20240313_3\a\x.csproj", "{3F127594-57F4-488F-839E-8F819757788B}"
EndProject
Project("{9A19103F-16F7-4668-BE54-9A1E7A4F7556}") = "x (1)", "src\adt_easy_20240313_3\e\x.csproj", "{3328EDDF-63D3-4DB5-A413-7ABA3C8AA9FF}"
EndProject
Project("{9A19103F-16F7-4668-BE54-9A1E7A4F7556}") = "x (2)", "src\adt_easy_20240313_3\b\x.csproj", "{1130469B-45C6-45AE-87FC-C37CB8319A21}"
EndProject
Project("{9A19103F-16F7-4668-BE54-9A1E7A4F7556}") = "x (3)", "src\adt_easy_20240313_3\d\x.csproj", "{ECE9BF96-5F0C-4B18-9243-A9E69D90F409}"
EndProject
Project("{9A19103F-16F7-4668-BE54-9A1E7A4F7556}") = "x (4)", "src\adt_easy_20240313_3\c\x.csproj", "{0686B893-C422-4FD0-A11D-96F653AC4131}"
EndProject
Global
	GlobalSection(SolutionConfigurationPlatforms) = preSolution
		Debug|Any CPU = Debug|Any CPU
		Release|Any CPU = Release|Any CPU
	EndGlobalSection
	GlobalSection(ProjectConfigurationPlatforms) = postSolution
		{CE3BDF25-A113-4030-8321-AD3CE7A8EB18}.Debug|Any CPU.ActiveCfg = Debug|Any CPU
		{CE3BDF25-A113-4030-8321-AD3CE7A8EB18}.Debug|Any CPU.Build.0 = Debug|Any CPU
		{CE3BDF25-A113-4030-8321-AD3CE7A8EB18}.Release|Any CPU.ActiveCfg = Release|Any CPU
		{CE3BDF25-A113-4030-8321-AD3CE7A8EB18}.Release|Any CPU.Build.0 = Release|Any CPU
		{56902C89-3BD6-4E48-BDEA-FC352336C332}.Debug|Any CPU.ActiveCfg = Debug|Any CPU
		{56902C89-3BD6-4E48-BDEA-FC352336C332}.Debug|Any CPU.Build.0 = Debug|Any CPU
		{56902C89-3BD6-4E48-BDEA-FC352336C332}.Release|Any CPU.ActiveCfg = Release|Any CPU
		{56902C89-3BD6-4E48-BDEA-FC352336C332}.Release|Any CPU.Build.0 = Release|Any CPU
		{D523EBDF-3378-4B67-A22C-1D347BCA5D29}.Debug|Any CPU.ActiveCfg = Debug|Any CPU
		{D523EBDF-3378-4B67-A22C-1D347BCA5D29}.Debug|Any CPU.Build.0 = Debug|Any CPU
		{D523EBDF-3378-4B67-A22C-1D347BCA5D29}.Release|Any CPU.ActiveCfg = Release|Any CPU
		{D523EBDF-3378-4B67-A22C-1D347BCA5D29}.Release|Any CPU.Build.0 = Release|Any CPU
		{F9076E61-E98F-4004-9246-5692B9DF283E}.Debug|Any CPU.ActiveCfg = Debug|Any CPU
		{F9076E61-E98F-4004-9246-5692B9DF283E}.Debug|Any CPU.Build.0 = Debug|Any CPU
		{F9076E61-E98F-4004-9246-5692B9DF283E}.Release|Any CPU.ActiveCfg = Release|Any CPU
		{F9076E61-E98F-4004-9246-5692B9DF283E}.Release|Any CPU.Build.0 = Release|Any CPU
		{7B478946-D0BA-4DC7-AD38-CF9A558D7AD3}.Debug|Any CPU.ActiveCfg = Debug|Any CPU
		{7B478946-D0BA-4DC7-AD38-CF9A558D7AD3}.Debug|Any CPU.Build.0 = Debug|Any CPU
		{7B478946-D0BA-4DC7-AD38-CF9A558D7AD3}.Release|Any CPU.ActiveCfg = Release|Any CPU
		{7B478946-D0BA-4DC7-AD38-CF9A558D7AD3}.Release|Any CPU.Build.0 = Release|Any CPU
		{E65928CE-F5E2-4E71-B06E-3D18A6EDF830}.Debug|Any CPU.ActiveCfg = Debug|Any CPU
		{E65928CE-F5E2-4E71-B06E-3D18A6EDF830}.Debug|Any CPU.Build.0 = Debug|Any CPU
		{E65928CE-F5E2-4E71-B06E-3D18A6EDF830}.Release|Any CPU.ActiveCfg = Release|Any CPU
		{E65928CE-F5E2-4E71-B06E-3D18A6EDF830}.Release|Any CPU.Build.0 = Release|Any CPU
		{C7FBE798-A8DC-450F-8F04-01A5822E41D8}.Debug|Any CPU.ActiveCfg = Debug|Any CPU
		{C7FBE798-A8DC-450F-8F04-01A5822E41D8}.Debug|Any CPU.Build.0 = Debug|Any CPU
		{C7FBE798-A8DC-450F-8F04-01A5822E41D8}.Release|Any CPU.ActiveCfg = Release|Any CPU
		{C7FBE798-A8DC-450F-8F04-01A5822E41D8}.Release|Any CPU.Build.0 = Release|Any CPU
		{8795622F-1B0D-4D2F-863C-56C97A71A228}.Debug|Any CPU.ActiveCfg = Debug|Any CPU
		{8795622F-1B0D-4D2F-863C-56C97A71A228}.Debug|Any CPU.Build.0 = Debug|Any CPU
		{8795622F-1B0D-4D2F-863C-56C97A71A228}.Release|Any CPU.ActiveCfg = Release|Any CPU
		{8795622F-1B0D-4D2F-863C-56C97A71A228}.Release|Any CPU.Build.0 = Release|Any CPU
		{9AB4F9CD-D652-4E5A-8278-AFDD40A92A4C}.Debug|Any CPU.ActiveCfg = Debug|Any CPU
		{9AB4F9CD-D652-4E5A-8278-AFDD40A92A4C}.Debug|Any CPU.Build.0 = Debug|Any CPU
		{9AB4F9CD-D652-4E5A-8278-AFDD40A92A4C}.Release|Any CPU.ActiveCfg = Release|Any CPU
		{9AB4F9CD-D652-4E5A-8278-AFDD40A92A4C}.Release|Any CPU.Build.0 = Release|Any CPU
		{C3BE27FE-3C4E-43E9-983F-DC9613158A4B}.Debug|Any CPU.ActiveCfg = Debug|Any CPU
		{C3BE27FE-3C4E-43E9-983F-DC9613158A4B}.Debug|Any CPU.Build.0 = Debug|Any CPU
		{C3BE27FE-3C4E-43E9-983F-DC9613158A4B}.Release|Any CPU.ActiveCfg = Release|Any CPU
		{C3BE27FE-3C4E-43E9-983F-DC9613158A4B}.Release|Any CPU.Build.0 = Release|Any CPU
		{B0A595B9-1B0C-4011-9D73-47E8B7360794}.Debug|Any CPU.ActiveCfg = Debug|Any CPU
		{B0A595B9-1B0C-4011-9D73-47E8B7360794}.Debug|Any CPU.Build.0 = Debug|Any CPU
		{B0A595B9-1B0C-4011-9D73-47E8B7360794}.Release|Any CPU.ActiveCfg = Release|Any CPU
		{B0A595B9-1B0C-4011-9D73-47E8B7360794}.Release|Any CPU.Build.0 = Release|Any CPU
		{87F13BF7-3666-49C0-AF31-A78D5AE0BA51}.Debug|Any CPU.ActiveCfg = Debug|Any CPU
		{87F13BF7-3666-49C0-AF31-A78D5AE0BA51}.Debug|Any CPU.Build.0 = Debug|Any CPU
		{87F13BF7-3666-49C0-AF31-A78D5AE0BA51}.Release|Any CPU.ActiveCfg = Release|Any CPU
		{87F13BF7-3666-49C0-AF31-A78D5AE0BA51}.Release|Any CPU.Build.0 = Release|Any CPU
		{61821F56-F694-4FC8-8ED8-E0FDE2D3778B}.Debug|Any CPU.ActiveCfg = Debug|Any CPU
		{61821F56-F694-4FC8-8ED8-E0FDE2D3778B}.Debug|Any CPU.Build.0 = Debug|Any CPU
		{61821F56-F694-4FC8-8ED8-E0FDE2D3778B}.Release|Any CPU.ActiveCfg = Release|Any CPU
		{61821F56-F694-4FC8-8ED8-E0FDE2D3778B}.Release|Any CPU.Build.0 = Release|Any CPU
		{3F127594-57F4-488F-839E-8F819757788B}.Debug|Any CPU.ActiveCfg = Debug|Any CPU
		{3F127594-57F4-488F-839E-8F819757788B}.Debug|Any CPU.Build.0 = Debug|Any CPU
		{3F127594-57F4-488F-839E-8F819757788B}.Release|Any CPU.ActiveCfg = Release|Any CPU
		{3F127594-57F4-488F-839E-8F819757788B}.Release|Any CPU.Build.0 = Release|Any CPU
		{3328EDDF-63D3-4DB5-A413-7ABA3C8AA9FF}.Debug|Any CPU.ActiveCfg = Debug|Any CPU
		{3328EDDF-63D3-4DB5-A413-7ABA3C8AA9FF}.Debug|Any CPU.Build.0 = Debug|Any CPU
		{3328EDDF-63D3-4DB5-A413-7ABA3C8AA9FF}.Release|Any CPU.ActiveCfg = Release|Any CPU
		{3328EDDF-63D3-4DB5-A413-7ABA3C8AA9FF}.Release|Any CPU.Build.0 = Release|Any CPU
		{1130469B-45C6-45AE-87FC-C37CB8319A21}.Debug|Any CPU.ActiveCfg = Debug|Any CPU
		{1130469B-45C6-45AE-87FC-C37CB8319A21}.Debug|Any CPU.Build.0 = Debug|Any CPU
		{1130469B-45C6-45AE-87FC-C37CB8319A21}.Release|Any CPU.ActiveCfg = Release|Any CPU
		{1130469B-45C6-45AE-87FC-C37CB8319A21}.Release|Any CPU.Build.0 = Release|Any CPU
		{ECE9BF96-5F0C-4B18-9243-A9E69D90F409}.Debug|Any CPU.ActiveCfg = Debug|Any CPU
		{ECE9BF96-5F0C-4B18-9243-A9E69D90F409}.Debug|Any CPU.Build.0 = Debug|Any CPU
		{ECE9BF96-5F0C-4B18-9243-A9E69D90F409}.Release|Any CPU.ActiveCfg = Release|Any CPU
		{ECE9BF96-5F0C-4B18-9243-A9E69D90F409}.Release|Any CPU.Build.0 = Release|Any CPU
		{0686B893-C422-4FD0-A11D-96F653AC4131}.Debug|Any CPU.ActiveCfg = Debug|Any CPU
		{0686B893-C422-4FD0-A11D-96F653AC4131}.Debug|Any CPU.Build.0 = Debug|Any CPU
		{0686B893-C422-4FD0-A11D-96F653AC4131}.Release|Any CPU.ActiveCfg = Release|Any CPU
		{0686B893-C422-4FD0-A11D-96F653AC4131}.Release|Any CPU.Build.0 = Release|Any CPU
	EndGlobalSection
	GlobalSection(SolutionProperties) = preSolution
		HideSolutionNode = FALSE
	EndGlobalSection
	GlobalSection(NestedProjects) = preSolution
		{CE3BDF25-A113-4030-8321-AD3CE7A8EB18} = {2AAC4D04-3E78-4AE5-A487-CF36A1FF02FA}
		{834805DC-6A56-4089-A943-BB11911B7F32} = {B5F48E3D-D06D-417E-9262-9DC9B4C970A7}
		{56902C89-3BD6-4E48-BDEA-FC352336C332} = {834805DC-6A56-4089-A943-BB11911B7F32}
		{D523EBDF-3378-4B67-A22C-1D347BCA5D29} = {834805DC-6A56-4089-A943-BB11911B7F32}
		{F9076E61-E98F-4004-9246-5692B9DF283E} = {834805DC-6A56-4089-A943-BB11911B7F32}
		{7B478946-D0BA-4DC7-AD38-CF9A558D7AD3} = {834805DC-6A56-4089-A943-BB11911B7F32}
		{E65928CE-F5E2-4E71-B06E-3D18A6EDF830} = {834805DC-6A56-4089-A943-BB11911B7F32}
		{DAE13BAD-3541-4AE6-A477-5893DF812867} = {B5F48E3D-D06D-417E-9262-9DC9B4C970A7}
		{C7FBE798-A8DC-450F-8F04-01A5822E41D8} = {DAE13BAD-3541-4AE6-A477-5893DF812867}
		{8795622F-1B0D-4D2F-863C-56C97A71A228} = {DAE13BAD-3541-4AE6-A477-5893DF812867}
		{9AB4F9CD-D652-4E5A-8278-AFDD40A92A4C} = {DAE13BAD-3541-4AE6-A477-5893DF812867}
		{C3BE27FE-3C4E-43E9-983F-DC9613158A4B} = {DAE13BAD-3541-4AE6-A477-5893DF812867}
		{B0A595B9-1B0C-4011-9D73-47E8B7360794} = {DAE13BAD-3541-4AE6-A477-5893DF812867}
		{87F13BF7-3666-49C0-AF31-A78D5AE0BA51} = {DAE13BAD-3541-4AE6-A477-5893DF812867}
		{61821F56-F694-4FC8-8ED8-E0FDE2D3778B} = {DAE13BAD-3541-4AE6-A477-5893DF812867}
		{02BFE20D-C795-498D-8C1C-1BB300F460A7} = {B5F48E3D-D06D-417E-9262-9DC9B4C970A7}
		{3F127594-57F4-488F-839E-8F819757788B} = {02BFE20D-C795-498D-8C1C-1BB300F460A7}
		{3328EDDF-63D3-4DB5-A413-7ABA3C8AA9FF} = {02BFE20D-C795-498D-8C1C-1BB300F460A7}
		{1130469B-45C6-45AE-87FC-C37CB8319A21} = {02BFE20D-C795-498D-8C1C-1BB300F460A7}
		{ECE9BF96-5F0C-4B18-9243-A9E69D90F409} = {02BFE20D-C795-498D-8C1C-1BB300F460A7}
		{0686B893-C422-4FD0-A11D-96F653AC4131} = {02BFE20D-C795-498D-8C1C-1BB300F460A7}
	EndGlobalSection
	GlobalSection(ExtensibilityGlobals) = postSolution
		SolutionGuid = {47617F4D-3A55-4CA6-9D61-0A6458AD7725}
	EndGlobalSection
EndGlobal
