
Microsoft Visual Studio Solution File, Format Version 12.00
# Visual Studio Version 17
VisualStudioVersion = 17.5.002.0
MinimumVisualStudioVersion = 10.0.40219.1
Project("{2150E333-8FDC-42A3-9474-1A3956D46DE8}") = "template", "template", "{07EC2A1F-015E-462F-96FF-A164BEFB6C28}"
EndProject
Project("{9A19103F-16F7-4668-BE54-9A1E7A4F7556}") = "x", "template\cs\x.csproj", "{2352A077-0782-453F-B3B6-8089B975CC60}"
EndProject
Project("{2150E333-8FDC-42A3-9474-1A3956D46DE8}") = "src", "src", "{CAD75BB3-18C1-4019-AAE4-5A37831F28B1}"
EndProject
Project("{2150E333-8FDC-42A3-9474-1A3956D46DE8}") = "adt_easy_20231017_1", "adt_easy_20231017_1", "{B05BC337-A5EA-43CC-BFF7-581D4A954005}"
EndProject
Project("{9A19103F-16F7-4668-BE54-9A1E7A4F7556}") = "x", "src\adt_easy_20231017_1\a\x.csproj", "{33CCB2B4-ECBA-4020-A7E2-AB2C67F724A2}"
EndProject
Project("{9A19103F-16F7-4668-BE54-9A1E7A4F7556}") = "x (1)", "src\adt_easy_20231017_1\e\x.csproj", "{9E31C094-1F6C-4C1A-AEF9-273E28B8C09B}"
EndProject
Project("{9A19103F-16F7-4668-BE54-9A1E7A4F7556}") = "x (2)", "src\adt_easy_20231017_1\b\x.csproj", "{59471930-7735-497C-9BF3-DBD72DCC34F0}"
EndProject
Project("{9A19103F-16F7-4668-BE54-9A1E7A4F7556}") = "x (3)", "src\adt_easy_20231017_1\d\x.csproj", "{E3145E9A-944E-411D-A009-F2DDE87975AA}"
EndProject
Project("{9A19103F-16F7-4668-BE54-9A1E7A4F7556}") = "x (4)", "src\adt_easy_20231017_1\c\x.csproj", "{E6B695F5-DCF5-4C71-821C-5F40FA355122}"
EndProject
Project("{2150E333-8FDC-42A3-9474-1A3956D46DE8}") = "abc330", "abc330", "{A4129918-E393-4338-A20C-AB9818D74240}"
EndProject
Project("{9A19103F-16F7-4668-BE54-9A1E7A4F7556}") = "x", "src\abc330\a\x.csproj", "{23A914D8-CE76-4167-AAC9-F0FDA16350B5}"
EndProject
Project("{9A19103F-16F7-4668-BE54-9A1E7A4F7556}") = "x (1)", "src\abc330\g\x.csproj", "{564F917B-780C-498B-A6CE-9BDDF0FE9050}"
EndProject
Project("{9A19103F-16F7-4668-BE54-9A1E7A4F7556}") = "x (2)", "src\abc330\f\x.csproj", "{5F075BA9-005F-41AE-8A23-AB477191D79A}"
EndProject
Project("{9A19103F-16F7-4668-BE54-9A1E7A4F7556}") = "x (3)", "src\abc330\e\x.csproj", "{AFCA408A-693B-456E-8F91-4961F1305C3B}"
EndProject
Project("{9A19103F-16F7-4668-BE54-9A1E7A4F7556}") = "x (4)", "src\abc330\b\x.csproj", "{C8BA3F66-6913-4A20-8A36-6EF02C224849}"
EndProject
Project("{9A19103F-16F7-4668-BE54-9A1E7A4F7556}") = "x (5)", "src\abc330\d\x.csproj", "{977DF4E0-D5F5-4C8A-977E-04AADF93539B}"
EndProject
Project("{9A19103F-16F7-4668-BE54-9A1E7A4F7556}") = "x (6)", "src\abc330\c\x.csproj", "{18AFD7FF-5995-411C-B126-613B61AF4406}"
EndProject
Project("{2150E333-8FDC-42A3-9474-1A3956D46DE8}") = "adt_easy_20240313_3", "adt_easy_20240313_3", "{72AEA906-2D35-4C18-AF8F-2C7C104A7C41}"
EndProject
Project("{9A19103F-16F7-4668-BE54-9A1E7A4F7556}") = "x", "src\adt_easy_20240313_3\a\x.csproj", "{BA1E223E-6A8E-4894-83CF-8B8DC69F558D}"
EndProject
Project("{9A19103F-16F7-4668-BE54-9A1E7A4F7556}") = "x (1)", "src\adt_easy_20240313_3\e\x.csproj", "{9F79DB22-9BB6-4D77-92ED-6D84F44667CE}"
EndProject
Project("{9A19103F-16F7-4668-BE54-9A1E7A4F7556}") = "x (2)", "src\adt_easy_20240313_3\b\x.csproj", "{25D2CF34-DC67-48B3-B512-EB4F8E90BF0A}"
EndProject
Project("{9A19103F-16F7-4668-BE54-9A1E7A4F7556}") = "x (3)", "src\adt_easy_20240313_3\d\x.csproj", "{B21CF85D-8316-45EE-B89A-929EC34E941C}"
EndProject
Project("{9A19103F-16F7-4668-BE54-9A1E7A4F7556}") = "x (4)", "src\adt_easy_20240313_3\c\x.csproj", "{903C6655-CD4F-4015-9269-16D3C83ACFEA}"
EndProject
Project("{2150E333-8FDC-42A3-9474-1A3956D46DE8}") = "adt_easy_20231018_2", "adt_easy_20231018_2", "{54AA0DBD-FD70-4387-99B6-737C94BD576E}"
EndProject
Project("{9A19103F-16F7-4668-BE54-9A1E7A4F7556}") = "x", "src\adt_easy_20231018_2\a\x.csproj", "{B9E0CAEE-3B69-4DFA-BB95-A60E5047047B}"
EndProject
Project("{9A19103F-16F7-4668-BE54-9A1E7A4F7556}") = "x (1)", "src\adt_easy_20231018_2\e\x.csproj", "{4F0A4A5C-F4D1-42D3-9D2F-EA56B744A3F9}"
EndProject
Project("{9A19103F-16F7-4668-BE54-9A1E7A4F7556}") = "x (2)", "src\adt_easy_20231018_2\b\x.csproj", "{D41A42E2-99B2-46C5-87A0-9ED77DA05C9E}"
EndProject
Project("{9A19103F-16F7-4668-BE54-9A1E7A4F7556}") = "x (3)", "src\adt_easy_20231018_2\d\x.csproj", "{0FD23CF7-661F-4606-885A-BC2470536E37}"
EndProject
Project("{9A19103F-16F7-4668-BE54-9A1E7A4F7556}") = "x (4)", "src\adt_easy_20231018_2\c\x.csproj", "{7F3DC304-9963-4643-B470-45C1FDBFE889}"
EndProject
Global
	GlobalSection(SolutionConfigurationPlatforms) = preSolution
		Debug|Any CPU = Debug|Any CPU
		Release|Any CPU = Release|Any CPU
	EndGlobalSection
	GlobalSection(ProjectConfigurationPlatforms) = postSolution
		{2352A077-0782-453F-B3B6-8089B975CC60}.Debug|Any CPU.ActiveCfg = Debug|Any CPU
		{2352A077-0782-453F-B3B6-8089B975CC60}.Debug|Any CPU.Build.0 = Debug|Any CPU
		{2352A077-0782-453F-B3B6-8089B975CC60}.Release|Any CPU.ActiveCfg = Release|Any CPU
		{2352A077-0782-453F-B3B6-8089B975CC60}.Release|Any CPU.Build.0 = Release|Any CPU
		{33CCB2B4-ECBA-4020-A7E2-AB2C67F724A2}.Debug|Any CPU.ActiveCfg = Debug|Any CPU
		{33CCB2B4-ECBA-4020-A7E2-AB2C67F724A2}.Debug|Any CPU.Build.0 = Debug|Any CPU
		{33CCB2B4-ECBA-4020-A7E2-AB2C67F724A2}.Release|Any CPU.ActiveCfg = Release|Any CPU
		{33CCB2B4-ECBA-4020-A7E2-AB2C67F724A2}.Release|Any CPU.Build.0 = Release|Any CPU
		{9E31C094-1F6C-4C1A-AEF9-273E28B8C09B}.Debug|Any CPU.ActiveCfg = Debug|Any CPU
		{9E31C094-1F6C-4C1A-AEF9-273E28B8C09B}.Debug|Any CPU.Build.0 = Debug|Any CPU
		{9E31C094-1F6C-4C1A-AEF9-273E28B8C09B}.Release|Any CPU.ActiveCfg = Release|Any CPU
		{9E31C094-1F6C-4C1A-AEF9-273E28B8C09B}.Release|Any CPU.Build.0 = Release|Any CPU
		{59471930-7735-497C-9BF3-DBD72DCC34F0}.Debug|Any CPU.ActiveCfg = Debug|Any CPU
		{59471930-7735-497C-9BF3-DBD72DCC34F0}.Debug|Any CPU.Build.0 = Debug|Any CPU
		{59471930-7735-497C-9BF3-DBD72DCC34F0}.Release|Any CPU.ActiveCfg = Release|Any CPU
		{59471930-7735-497C-9BF3-DBD72DCC34F0}.Release|Any CPU.Build.0 = Release|Any CPU
		{E3145E9A-944E-411D-A009-F2DDE87975AA}.Debug|Any CPU.ActiveCfg = Debug|Any CPU
		{E3145E9A-944E-411D-A009-F2DDE87975AA}.Debug|Any CPU.Build.0 = Debug|Any CPU
		{E3145E9A-944E-411D-A009-F2DDE87975AA}.Release|Any CPU.ActiveCfg = Release|Any CPU
		{E3145E9A-944E-411D-A009-F2DDE87975AA}.Release|Any CPU.Build.0 = Release|Any CPU
		{E6B695F5-DCF5-4C71-821C-5F40FA355122}.Debug|Any CPU.ActiveCfg = Debug|Any CPU
		{E6B695F5-DCF5-4C71-821C-5F40FA355122}.Debug|Any CPU.Build.0 = Debug|Any CPU
		{E6B695F5-DCF5-4C71-821C-5F40FA355122}.Release|Any CPU.ActiveCfg = Release|Any CPU
		{E6B695F5-DCF5-4C71-821C-5F40FA355122}.Release|Any CPU.Build.0 = Release|Any CPU
		{23A914D8-CE76-4167-AAC9-F0FDA16350B5}.Debug|Any CPU.ActiveCfg = Debug|Any CPU
		{23A914D8-CE76-4167-AAC9-F0FDA16350B5}.Debug|Any CPU.Build.0 = Debug|Any CPU
		{23A914D8-CE76-4167-AAC9-F0FDA16350B5}.Release|Any CPU.ActiveCfg = Release|Any CPU
		{23A914D8-CE76-4167-AAC9-F0FDA16350B5}.Release|Any CPU.Build.0 = Release|Any CPU
		{564F917B-780C-498B-A6CE-9BDDF0FE9050}.Debug|Any CPU.ActiveCfg = Debug|Any CPU
		{564F917B-780C-498B-A6CE-9BDDF0FE9050}.Debug|Any CPU.Build.0 = Debug|Any CPU
		{564F917B-780C-498B-A6CE-9BDDF0FE9050}.Release|Any CPU.ActiveCfg = Release|Any CPU
		{564F917B-780C-498B-A6CE-9BDDF0FE9050}.Release|Any CPU.Build.0 = Release|Any CPU
		{5F075BA9-005F-41AE-8A23-AB477191D79A}.Debug|Any CPU.ActiveCfg = Debug|Any CPU
		{5F075BA9-005F-41AE-8A23-AB477191D79A}.Debug|Any CPU.Build.0 = Debug|Any CPU
		{5F075BA9-005F-41AE-8A23-AB477191D79A}.Release|Any CPU.ActiveCfg = Release|Any CPU
		{5F075BA9-005F-41AE-8A23-AB477191D79A}.Release|Any CPU.Build.0 = Release|Any CPU
		{AFCA408A-693B-456E-8F91-4961F1305C3B}.Debug|Any CPU.ActiveCfg = Debug|Any CPU
		{AFCA408A-693B-456E-8F91-4961F1305C3B}.Debug|Any CPU.Build.0 = Debug|Any CPU
		{AFCA408A-693B-456E-8F91-4961F1305C3B}.Release|Any CPU.ActiveCfg = Release|Any CPU
		{AFCA408A-693B-456E-8F91-4961F1305C3B}.Release|Any CPU.Build.0 = Release|Any CPU
		{C8BA3F66-6913-4A20-8A36-6EF02C224849}.Debug|Any CPU.ActiveCfg = Debug|Any CPU
		{C8BA3F66-6913-4A20-8A36-6EF02C224849}.Debug|Any CPU.Build.0 = Debug|Any CPU
		{C8BA3F66-6913-4A20-8A36-6EF02C224849}.Release|Any CPU.ActiveCfg = Release|Any CPU
		{C8BA3F66-6913-4A20-8A36-6EF02C224849}.Release|Any CPU.Build.0 = Release|Any CPU
		{977DF4E0-D5F5-4C8A-977E-04AADF93539B}.Debug|Any CPU.ActiveCfg = Debug|Any CPU
		{977DF4E0-D5F5-4C8A-977E-04AADF93539B}.Debug|Any CPU.Build.0 = Debug|Any CPU
		{977DF4E0-D5F5-4C8A-977E-04AADF93539B}.Release|Any CPU.ActiveCfg = Release|Any CPU
		{977DF4E0-D5F5-4C8A-977E-04AADF93539B}.Release|Any CPU.Build.0 = Release|Any CPU
		{18AFD7FF-5995-411C-B126-613B61AF4406}.Debug|Any CPU.ActiveCfg = Debug|Any CPU
		{18AFD7FF-5995-411C-B126-613B61AF4406}.Debug|Any CPU.Build.0 = Debug|Any CPU
		{18AFD7FF-5995-411C-B126-613B61AF4406}.Release|Any CPU.ActiveCfg = Release|Any CPU
		{18AFD7FF-5995-411C-B126-613B61AF4406}.Release|Any CPU.Build.0 = Release|Any CPU
		{BA1E223E-6A8E-4894-83CF-8B8DC69F558D}.Debug|Any CPU.ActiveCfg = Debug|Any CPU
		{BA1E223E-6A8E-4894-83CF-8B8DC69F558D}.Debug|Any CPU.Build.0 = Debug|Any CPU
		{BA1E223E-6A8E-4894-83CF-8B8DC69F558D}.Release|Any CPU.ActiveCfg = Release|Any CPU
		{BA1E223E-6A8E-4894-83CF-8B8DC69F558D}.Release|Any CPU.Build.0 = Release|Any CPU
		{9F79DB22-9BB6-4D77-92ED-6D84F44667CE}.Debug|Any CPU.ActiveCfg = Debug|Any CPU
		{9F79DB22-9BB6-4D77-92ED-6D84F44667CE}.Debug|Any CPU.Build.0 = Debug|Any CPU
		{9F79DB22-9BB6-4D77-92ED-6D84F44667CE}.Release|Any CPU.ActiveCfg = Release|Any CPU
		{9F79DB22-9BB6-4D77-92ED-6D84F44667CE}.Release|Any CPU.Build.0 = Release|Any CPU
		{25D2CF34-DC67-48B3-B512-EB4F8E90BF0A}.Debug|Any CPU.ActiveCfg = Debug|Any CPU
		{25D2CF34-DC67-48B3-B512-EB4F8E90BF0A}.Debug|Any CPU.Build.0 = Debug|Any CPU
		{25D2CF34-DC67-48B3-B512-EB4F8E90BF0A}.Release|Any CPU.ActiveCfg = Release|Any CPU
		{25D2CF34-DC67-48B3-B512-EB4F8E90BF0A}.Release|Any CPU.Build.0 = Release|Any CPU
		{B21CF85D-8316-45EE-B89A-929EC34E941C}.Debug|Any CPU.ActiveCfg = Debug|Any CPU
		{B21CF85D-8316-45EE-B89A-929EC34E941C}.Debug|Any CPU.Build.0 = Debug|Any CPU
		{B21CF85D-8316-45EE-B89A-929EC34E941C}.Release|Any CPU.ActiveCfg = Release|Any CPU
		{B21CF85D-8316-45EE-B89A-929EC34E941C}.Release|Any CPU.Build.0 = Release|Any CPU
		{903C6655-CD4F-4015-9269-16D3C83ACFEA}.Debug|Any CPU.ActiveCfg = Debug|Any CPU
		{903C6655-CD4F-4015-9269-16D3C83ACFEA}.Debug|Any CPU.Build.0 = Debug|Any CPU
		{903C6655-CD4F-4015-9269-16D3C83ACFEA}.Release|Any CPU.ActiveCfg = Release|Any CPU
		{903C6655-CD4F-4015-9269-16D3C83ACFEA}.Release|Any CPU.Build.0 = Release|Any CPU
		{B9E0CAEE-3B69-4DFA-BB95-A60E5047047B}.Debug|Any CPU.ActiveCfg = Debug|Any CPU
		{B9E0CAEE-3B69-4DFA-BB95-A60E5047047B}.Debug|Any CPU.Build.0 = Debug|Any CPU
		{B9E0CAEE-3B69-4DFA-BB95-A60E5047047B}.Release|Any CPU.ActiveCfg = Release|Any CPU
		{B9E0CAEE-3B69-4DFA-BB95-A60E5047047B}.Release|Any CPU.Build.0 = Release|Any CPU
		{4F0A4A5C-F4D1-42D3-9D2F-EA56B744A3F9}.Debug|Any CPU.ActiveCfg = Debug|Any CPU
		{4F0A4A5C-F4D1-42D3-9D2F-EA56B744A3F9}.Debug|Any CPU.Build.0 = Debug|Any CPU
		{4F0A4A5C-F4D1-42D3-9D2F-EA56B744A3F9}.Release|Any CPU.ActiveCfg = Release|Any CPU
		{4F0A4A5C-F4D1-42D3-9D2F-EA56B744A3F9}.Release|Any CPU.Build.0 = Release|Any CPU
		{D41A42E2-99B2-46C5-87A0-9ED77DA05C9E}.Debug|Any CPU.ActiveCfg = Debug|Any CPU
		{D41A42E2-99B2-46C5-87A0-9ED77DA05C9E}.Debug|Any CPU.Build.0 = Debug|Any CPU
		{D41A42E2-99B2-46C5-87A0-9ED77DA05C9E}.Release|Any CPU.ActiveCfg = Release|Any CPU
		{D41A42E2-99B2-46C5-87A0-9ED77DA05C9E}.Release|Any CPU.Build.0 = Release|Any CPU
		{0FD23CF7-661F-4606-885A-BC2470536E37}.Debug|Any CPU.ActiveCfg = Debug|Any CPU
		{0FD23CF7-661F-4606-885A-BC2470536E37}.Debug|Any CPU.Build.0 = Debug|Any CPU
		{0FD23CF7-661F-4606-885A-BC2470536E37}.Release|Any CPU.ActiveCfg = Release|Any CPU
		{0FD23CF7-661F-4606-885A-BC2470536E37}.Release|Any CPU.Build.0 = Release|Any CPU
		{7F3DC304-9963-4643-B470-45C1FDBFE889}.Debug|Any CPU.ActiveCfg = Debug|Any CPU
		{7F3DC304-9963-4643-B470-45C1FDBFE889}.Debug|Any CPU.Build.0 = Debug|Any CPU
		{7F3DC304-9963-4643-B470-45C1FDBFE889}.Release|Any CPU.ActiveCfg = Release|Any CPU
		{7F3DC304-9963-4643-B470-45C1FDBFE889}.Release|Any CPU.Build.0 = Release|Any CPU
	EndGlobalSection
	GlobalSection(SolutionProperties) = preSolution
		HideSolutionNode = FALSE
	EndGlobalSection
	GlobalSection(NestedProjects) = preSolution
		{2352A077-0782-453F-B3B6-8089B975CC60} = {07EC2A1F-015E-462F-96FF-A164BEFB6C28}
		{B05BC337-A5EA-43CC-BFF7-581D4A954005} = {CAD75BB3-18C1-4019-AAE4-5A37831F28B1}
		{33CCB2B4-ECBA-4020-A7E2-AB2C67F724A2} = {B05BC337-A5EA-43CC-BFF7-581D4A954005}
		{9E31C094-1F6C-4C1A-AEF9-273E28B8C09B} = {B05BC337-A5EA-43CC-BFF7-581D4A954005}
		{59471930-7735-497C-9BF3-DBD72DCC34F0} = {B05BC337-A5EA-43CC-BFF7-581D4A954005}
		{E3145E9A-944E-411D-A009-F2DDE87975AA} = {B05BC337-A5EA-43CC-BFF7-581D4A954005}
		{E6B695F5-DCF5-4C71-821C-5F40FA355122} = {B05BC337-A5EA-43CC-BFF7-581D4A954005}
		{A4129918-E393-4338-A20C-AB9818D74240} = {CAD75BB3-18C1-4019-AAE4-5A37831F28B1}
		{23A914D8-CE76-4167-AAC9-F0FDA16350B5} = {A4129918-E393-4338-A20C-AB9818D74240}
		{564F917B-780C-498B-A6CE-9BDDF0FE9050} = {A4129918-E393-4338-A20C-AB9818D74240}
		{5F075BA9-005F-41AE-8A23-AB477191D79A} = {A4129918-E393-4338-A20C-AB9818D74240}
		{AFCA408A-693B-456E-8F91-4961F1305C3B} = {A4129918-E393-4338-A20C-AB9818D74240}
		{C8BA3F66-6913-4A20-8A36-6EF02C224849} = {A4129918-E393-4338-A20C-AB9818D74240}
		{977DF4E0-D5F5-4C8A-977E-04AADF93539B} = {A4129918-E393-4338-A20C-AB9818D74240}
		{18AFD7FF-5995-411C-B126-613B61AF4406} = {A4129918-E393-4338-A20C-AB9818D74240}
		{72AEA906-2D35-4C18-AF8F-2C7C104A7C41} = {CAD75BB3-18C1-4019-AAE4-5A37831F28B1}
		{BA1E223E-6A8E-4894-83CF-8B8DC69F558D} = {72AEA906-2D35-4C18-AF8F-2C7C104A7C41}
		{9F79DB22-9BB6-4D77-92ED-6D84F44667CE} = {72AEA906-2D35-4C18-AF8F-2C7C104A7C41}
		{25D2CF34-DC67-48B3-B512-EB4F8E90BF0A} = {72AEA906-2D35-4C18-AF8F-2C7C104A7C41}
		{B21CF85D-8316-45EE-B89A-929EC34E941C} = {72AEA906-2D35-4C18-AF8F-2C7C104A7C41}
		{903C6655-CD4F-4015-9269-16D3C83ACFEA} = {72AEA906-2D35-4C18-AF8F-2C7C104A7C41}
		{54AA0DBD-FD70-4387-99B6-737C94BD576E} = {CAD75BB3-18C1-4019-AAE4-5A37831F28B1}
		{B9E0CAEE-3B69-4DFA-BB95-A60E5047047B} = {54AA0DBD-FD70-4387-99B6-737C94BD576E}
		{4F0A4A5C-F4D1-42D3-9D2F-EA56B744A3F9} = {54AA0DBD-FD70-4387-99B6-737C94BD576E}
		{D41A42E2-99B2-46C5-87A0-9ED77DA05C9E} = {54AA0DBD-FD70-4387-99B6-737C94BD576E}
		{0FD23CF7-661F-4606-885A-BC2470536E37} = {54AA0DBD-FD70-4387-99B6-737C94BD576E}
		{7F3DC304-9963-4643-B470-45C1FDBFE889} = {54AA0DBD-FD70-4387-99B6-737C94BD576E}
	EndGlobalSection
	GlobalSection(ExtensibilityGlobals) = postSolution
		SolutionGuid = {C98547E5-C355-4286-A336-645A747313BD}
	EndGlobalSection
EndGlobal
